
Microsoft Visual Studio Solution File, Format Version 12.00
# Visual Studio Version 17
VisualStudioVersion = 17.5.33424.131
MinimumVisualStudioVersion = 10.0.40219.1
Project("{2150E333-8FDC-42A3-9474-1A3956D46DE8}") = "Models", "Models", "{722BA968-D58E-4C2D-B2B0-5CD203F6E59A}"
EndProject
Project("{2150E333-8FDC-42A3-9474-1A3956D46DE8}") = "DataModels", "DataModels", "{68899712-57E5-42CA-82DD-7A88163C152F}"
	ProjectSection(SolutionItems) = preProject
		Models\DataModels\readme.txt = Models\DataModels\readme.txt
	EndProjectSection
EndProject
Project("{2150E333-8FDC-42A3-9474-1A3956D46DE8}") = "CalculationModels", "CalculationModels", "{2CD9D617-5834-4C7C-AA65-5005E180A251}"
	ProjectSection(SolutionItems) = preProject
		Models\CalculationModels\readme.txt = Models\CalculationModels\readme.txt
	EndProjectSection
EndProject
Project("{2150E333-8FDC-42A3-9474-1A3956D46DE8}") = "ViewModels", "ViewModels", "{B478A0CF-ECB7-4D9D-8435-F8340214D055}"
EndProject
Project("{2150E333-8FDC-42A3-9474-1A3956D46DE8}") = "Views", "Views", "{98614A82-5388-49D4-B0D2-88323CFFF9B9}"
EndProject
Project("{9A19103F-16F7-4668-BE54-9A1E7A4F7556}") = "BaseData", "Models\DataModels\BaseData\BaseData.csproj", "{F562BBB8-557D-4BD8-8231-A85D9EC6BF81}"
EndProject
Project("{2150E333-8FDC-42A3-9474-1A3956D46DE8}") = "_Core", "_Core", "{5DA37ABC-2271-4BBD-9C5E-A5BAF7480716}"
EndProject
Project("{2150E333-8FDC-42A3-9474-1A3956D46DE8}") = "Parsers", "Parsers", "{1E5F0585-54D6-46AF-8363-938B91923E7F}"
EndProject
Project("{9A19103F-16F7-4668-BE54-9A1E7A4F7556}") = "ParserLibrary", "_Core\Parsers\ParserLibrary\ParserLibrary.csproj", "{2C67F665-66F2-4962-9567-0BF97D4B8C1D}"
EndProject
Project("{9A19103F-16F7-4668-BE54-9A1E7A4F7556}") = "DemoView", "Views\DemoView\DemoView.csproj", "{18195DB4-7E05-4501-A370-F532A19476AF}"
EndProject
Project("{9A19103F-16F7-4668-BE54-9A1E7A4F7556}") = "ViewModelBase", "ViewModels\ViewModelBase\ViewModelBase.csproj", "{5FC84B53-2BB0-4376-96A5-A8E8FEE91D72}"
EndProject
Project("{9A19103F-16F7-4668-BE54-9A1E7A4F7556}") = "_DemoViewModel", "ViewModels\_DemoViewModel\_DemoViewModel.csproj", "{C605B3EF-F7AC-43E6-9B56-D11DC9756896}"
EndProject
Project("{9A19103F-16F7-4668-BE54-9A1E7A4F7556}") = "BaseDataTests", "Models\DataModels\BaseDataTests\BaseDataTests.csproj", "{53CAC627-0849-4BB4-BB71-8D8FBDD247E0}"
EndProject
Project("{FAE04EC0-301F-11D3-BF4B-00C04F79EFBC}") = "ConnectionConfig", "_Core\ConnectionConfig\ConnectionConfig.csproj", "{9344EC9B-6F50-4B83-9DB4-694E5FAE7436}"
EndProject
Global
	GlobalSection(SolutionConfigurationPlatforms) = preSolution
		Debug|Any CPU = Debug|Any CPU
		Release|Any CPU = Release|Any CPU
	EndGlobalSection
	GlobalSection(ProjectConfigurationPlatforms) = postSolution
		{F562BBB8-557D-4BD8-8231-A85D9EC6BF81}.Debug|Any CPU.ActiveCfg = Debug|Any CPU
		{F562BBB8-557D-4BD8-8231-A85D9EC6BF81}.Debug|Any CPU.Build.0 = Debug|Any CPU
		{F562BBB8-557D-4BD8-8231-A85D9EC6BF81}.Release|Any CPU.ActiveCfg = Release|Any CPU
		{F562BBB8-557D-4BD8-8231-A85D9EC6BF81}.Release|Any CPU.Build.0 = Release|Any CPU
		{2C67F665-66F2-4962-9567-0BF97D4B8C1D}.Debug|Any CPU.ActiveCfg = Debug|Any CPU
		{2C67F665-66F2-4962-9567-0BF97D4B8C1D}.Debug|Any CPU.Build.0 = Debug|Any CPU
		{2C67F665-66F2-4962-9567-0BF97D4B8C1D}.Release|Any CPU.ActiveCfg = Release|Any CPU
		{2C67F665-66F2-4962-9567-0BF97D4B8C1D}.Release|Any CPU.Build.0 = Release|Any CPU
		{18195DB4-7E05-4501-A370-F532A19476AF}.Debug|Any CPU.ActiveCfg = Debug|Any CPU
		{18195DB4-7E05-4501-A370-F532A19476AF}.Debug|Any CPU.Build.0 = Debug|Any CPU
		{18195DB4-7E05-4501-A370-F532A19476AF}.Release|Any CPU.ActiveCfg = Release|Any CPU
		{18195DB4-7E05-4501-A370-F532A19476AF}.Release|Any CPU.Build.0 = Release|Any CPU
		{5FC84B53-2BB0-4376-96A5-A8E8FEE91D72}.Debug|Any CPU.ActiveCfg = Debug|Any CPU
		{5FC84B53-2BB0-4376-96A5-A8E8FEE91D72}.Debug|Any CPU.Build.0 = Debug|Any CPU
		{5FC84B53-2BB0-4376-96A5-A8E8FEE91D72}.Release|Any CPU.ActiveCfg = Release|Any CPU
		{5FC84B53-2BB0-4376-96A5-A8E8FEE91D72}.Release|Any CPU.Build.0 = Release|Any CPU
		{C605B3EF-F7AC-43E6-9B56-D11DC9756896}.Debug|Any CPU.ActiveCfg = Debug|Any CPU
		{C605B3EF-F7AC-43E6-9B56-D11DC9756896}.Debug|Any CPU.Build.0 = Debug|Any CPU
		{C605B3EF-F7AC-43E6-9B56-D11DC9756896}.Release|Any CPU.ActiveCfg = Release|Any CPU
		{C605B3EF-F7AC-43E6-9B56-D11DC9756896}.Release|Any CPU.Build.0 = Release|Any CPU
		{53CAC627-0849-4BB4-BB71-8D8FBDD247E0}.Debug|Any CPU.ActiveCfg = Debug|Any CPU
		{53CAC627-0849-4BB4-BB71-8D8FBDD247E0}.Debug|Any CPU.Build.0 = Debug|Any CPU
		{53CAC627-0849-4BB4-BB71-8D8FBDD247E0}.Release|Any CPU.ActiveCfg = Release|Any CPU
		{53CAC627-0849-4BB4-BB71-8D8FBDD247E0}.Release|Any CPU.Build.0 = Release|Any CPU
		{9344EC9B-6F50-4B83-9DB4-694E5FAE7436}.Debug|Any CPU.ActiveCfg = Debug|Any CPU
		{9344EC9B-6F50-4B83-9DB4-694E5FAE7436}.Debug|Any CPU.Build.0 = Debug|Any CPU
		{9344EC9B-6F50-4B83-9DB4-694E5FAE7436}.Release|Any CPU.ActiveCfg = Release|Any CPU
		{9344EC9B-6F50-4B83-9DB4-694E5FAE7436}.Release|Any CPU.Build.0 = Release|Any CPU
	EndGlobalSection
	GlobalSection(SolutionProperties) = preSolution
		HideSolutionNode = FALSE
	EndGlobalSection
	GlobalSection(NestedProjects) = preSolution
		{68899712-57E5-42CA-82DD-7A88163C152F} = {722BA968-D58E-4C2D-B2B0-5CD203F6E59A}
		{2CD9D617-5834-4C7C-AA65-5005E180A251} = {722BA968-D58E-4C2D-B2B0-5CD203F6E59A}
		{F562BBB8-557D-4BD8-8231-A85D9EC6BF81} = {68899712-57E5-42CA-82DD-7A88163C152F}
		{1E5F0585-54D6-46AF-8363-938B91923E7F} = {5DA37ABC-2271-4BBD-9C5E-A5BAF7480716}
		{2C67F665-66F2-4962-9567-0BF97D4B8C1D} = {1E5F0585-54D6-46AF-8363-938B91923E7F}
		{18195DB4-7E05-4501-A370-F532A19476AF} = {98614A82-5388-49D4-B0D2-88323CFFF9B9}
		{5FC84B53-2BB0-4376-96A5-A8E8FEE91D72} = {B478A0CF-ECB7-4D9D-8435-F8340214D055}
		{C605B3EF-F7AC-43E6-9B56-D11DC9756896} = {B478A0CF-ECB7-4D9D-8435-F8340214D055}
		{9344EC9B-6F50-4B83-9DB4-694E5FAE7436} = {5DA37ABC-2271-4BBD-9C5E-A5BAF7480716}
	EndGlobalSection
	GlobalSection(ExtensibilityGlobals) = postSolution
		SolutionGuid = {0F5CF02A-194E-4016-AFFB-1B89D16E6650}
	EndGlobalSection
EndGlobal
